<Solution>
  <Folder Name="/src/">
    <File Path=".gitignore" />
    <Project Path="ApiDemo/ApiDemo.csproj" />
    <Project Path="Application/Application.csproj" />
    <Project Path="Domain/Domain.csproj" />
    <Project Path="Infrastructure/Infrastructure.csproj" />
  </Folder>
  <Project Path="docker-compose.dcproj">
    <Build />
  </Project>
</Solution>
